
Microsoft Visual Studio Solution File, Format Version 12.00
# Visual Studio Version 16
VisualStudioVersion = 16.0.31129.286
MinimumVisualStudioVersion = 10.0.40219.1
Project("{9A19103F-16F7-4668-BE54-9A1E7A4F7556}") = "Sample", "Sample\Sample.csproj", "{F31C1984-3104-480E-BE9F-B121FAE0215E}"
EndProject
Project("{9A19103F-16F7-4668-BE54-9A1E7A4F7556}") = "Dx29.MedicalHistory", "Dx29.MedicalHistory\Dx29.MedicalHistory.csproj", "{D6EAF208-1B78-4063-872B-E0F9FFD05BD2}"
EndProject
Project("{9A19103F-16F7-4668-BE54-9A1E7A4F7556}") = "Dx29", "Dx29\Dx29.csproj", "{C3A33D4D-5323-48FE-AF02-FE060A32BB57}"
EndProject
Project("{9A19103F-16F7-4668-BE54-9A1E7A4F7556}") = "Dx29.Cosmos", "Dx29.Cosmos\Dx29.Cosmos.csproj", "{C3647F20-CD05-4026-8F6A-D70EF1F21023}"
EndProject
Project("{FAE04EC0-301F-11D3-BF4B-00C04F79EFBC}") = "Dx29.MedicalHistory.WebAPI", "Dx29.MedicalHistory.WebAPI\Dx29.MedicalHistory.WebAPI.csproj", "{93B6ED39-908C-420F-AB2F-6B4EE391204B}"
EndProject
Global
	GlobalSection(SolutionConfigurationPlatforms) = preSolution
		Debug|Any CPU = Debug|Any CPU
		Release|Any CPU = Release|Any CPU
	EndGlobalSection
	GlobalSection(ProjectConfigurationPlatforms) = postSolution
		{F31C1984-3104-480E-BE9F-B121FAE0215E}.Debug|Any CPU.ActiveCfg = Debug|Any CPU
		{F31C1984-3104-480E-BE9F-B121FAE0215E}.Debug|Any CPU.Build.0 = Debug|Any CPU
		{F31C1984-3104-480E-BE9F-B121FAE0215E}.Release|Any CPU.ActiveCfg = Release|Any CPU
		{F31C1984-3104-480E-BE9F-B121FAE0215E}.Release|Any CPU.Build.0 = Release|Any CPU
		{D6EAF208-1B78-4063-872B-E0F9FFD05BD2}.Debug|Any CPU.ActiveCfg = Debug|Any CPU
		{D6EAF208-1B78-4063-872B-E0F9FFD05BD2}.Debug|Any CPU.Build.0 = Debug|Any CPU
		{D6EAF208-1B78-4063-872B-E0F9FFD05BD2}.Release|Any CPU.ActiveCfg = Release|Any CPU
		{D6EAF208-1B78-4063-872B-E0F9FFD05BD2}.Release|Any CPU.Build.0 = Release|Any CPU
		{C3A33D4D-5323-48FE-AF02-FE060A32BB57}.Debug|Any CPU.ActiveCfg = Debug|Any CPU
		{C3A33D4D-5323-48FE-AF02-FE060A32BB57}.Debug|Any CPU.Build.0 = Debug|Any CPU
		{C3A33D4D-5323-48FE-AF02-FE060A32BB57}.Release|Any CPU.ActiveCfg = Release|Any CPU
		{C3A33D4D-5323-48FE-AF02-FE060A32BB57}.Release|Any CPU.Build.0 = Release|Any CPU
		{C3647F20-CD05-4026-8F6A-D70EF1F21023}.Debug|Any CPU.ActiveCfg = Debug|Any CPU
		{C3647F20-CD05-4026-8F6A-D70EF1F21023}.Debug|Any CPU.Build.0 = Debug|Any CPU
		{C3647F20-CD05-4026-8F6A-D70EF1F21023}.Release|Any CPU.ActiveCfg = Release|Any CPU
		{C3647F20-CD05-4026-8F6A-D70EF1F21023}.Release|Any CPU.Build.0 = Release|Any CPU
		{93B6ED39-908C-420F-AB2F-6B4EE391204B}.Debug|Any CPU.ActiveCfg = Debug|Any CPU
		{93B6ED39-908C-420F-AB2F-6B4EE391204B}.Debug|Any CPU.Build.0 = Debug|Any CPU
		{93B6ED39-908C-420F-AB2F-6B4EE391204B}.Release|Any CPU.ActiveCfg = Release|Any CPU
		{93B6ED39-908C-420F-AB2F-6B4EE391204B}.Release|Any CPU.Build.0 = Release|Any CPU
	EndGlobalSection
	GlobalSection(SolutionProperties) = preSolution
		HideSolutionNode = FALSE
	EndGlobalSection
	GlobalSection(ExtensibilityGlobals) = postSolution
		SolutionGuid = {91E11281-92BE-4E79-B8D4-92F583332D9B}
	EndGlobalSection
EndGlobal
